// !$*UTF8*$!
{
	archiveVersion = 1;
	classes = {
	};
	objectVersion = 50;
	objects = {

/* Begin PBXBuildFile section */
		264633E123225DC3002526AF /* AppDelegate.swift in Sources */ = {isa = PBXBuildFile; fileRef = 264633E023225DC3002526AF /* AppDelegate.swift */; };
		264633E323225DC3002526AF /* ViewController.swift in Sources */ = {isa = PBXBuildFile; fileRef = 264633E223225DC3002526AF /* ViewController.swift */; };
		264633E623225DC3002526AF /* Main.storyboard in Resources */ = {isa = PBXBuildFile; fileRef = 264633E423225DC3002526AF /* Main.storyboard */; };
		264633E823225DC6002526AF /* Assets.xcassets in Resources */ = {isa = PBXBuildFile; fileRef = 264633E723225DC6002526AF /* Assets.xcassets */; };
		264633EB23225DC6002526AF /* LaunchScreen.storyboard in Resources */ = {isa = PBXBuildFile; fileRef = 264633E923225DC6002526AF /* LaunchScreen.storyboard */; };
		264633F623225DC6002526AF /* Github_SearcherTests.swift in Sources */ = {isa = PBXBuildFile; fileRef = 264633F523225DC6002526AF /* Github_SearcherTests.swift */; };
		2646340123226348002526AF /* user_search_cell.xib in Resources */ = {isa = PBXBuildFile; fileRef = 2646340023226348002526AF /* user_search_cell.xib */; };
		264634032322635A002526AF /* repo_search_cell.xib in Resources */ = {isa = PBXBuildFile; fileRef = 264634022322635A002526AF /* repo_search_cell.xib */; };
		2646340523226635002526AF /* GithubProfileViewController.swift in Sources */ = {isa = PBXBuildFile; fileRef = 2646340423226635002526AF /* GithubProfileViewController.swift */; };
		2646340723226773002526AF /* SearchModel.swift in Sources */ = {isa = PBXBuildFile; fileRef = 2646340623226773002526AF /* SearchModel.swift */; };
		264634092322705C002526AF /* Cells.swift in Sources */ = {isa = PBXBuildFile; fileRef = 264634082322705C002526AF /* Cells.swift */; };
		2646340B23228288002526AF /* UIData.swift in Sources */ = {isa = PBXBuildFile; fileRef = 2646340A23228288002526AF /* UIData.swift */; };
		2646340D23229474002526AF /* Network.swift in Sources */ = {isa = PBXBuildFile; fileRef = 2646340C23229473002526AF /* Network.swift */; };
/* End PBXBuildFile section */

/* Begin PBXContainerItemProxy section */
		264633F223225DC6002526AF /* PBXContainerItemProxy */ = {
			isa = PBXContainerItemProxy;
			containerPortal = 264633D523225DC3002526AF /* Project object */;
			proxyType = 1;
			remoteGlobalIDString = 264633DC23225DC3002526AF;
			remoteInfo = "Github Searcher";
		};
/* End PBXContainerItemProxy section */

/* Begin PBXFileReference section */
		264633DD23225DC3002526AF /* Github Searcher.app */ = {isa = PBXFileReference; explicitFileType = wrapper.application; includeInIndex = 0; path = "Github Searcher.app"; sourceTree = BUILT_PRODUCTS_DIR; };
		264633E023225DC3002526AF /* AppDelegate.swift */ = {isa = PBXFileReference; lastKnownFileType = sourcecode.swift; path = AppDelegate.swift; sourceTree = "<group>"; };
		264633E223225DC3002526AF /* ViewController.swift */ = {isa = PBXFileReference; lastKnownFileType = sourcecode.swift; path = ViewController.swift; sourceTree = "<group>"; };
		264633E523225DC3002526AF /* Base */ = {isa = PBXFileReference; lastKnownFileType = file.storyboard; name = Base; path = Base.lproj/Main.storyboard; sourceTree = "<group>"; };
		264633E723225DC6002526AF /* Assets.xcassets */ = {isa = PBXFileReference; lastKnownFileType = folder.assetcatalog; path = Assets.xcassets; sourceTree = "<group>"; };
		264633EA23225DC6002526AF /* Base */ = {isa = PBXFileReference; lastKnownFileType = file.storyboard; name = Base; path = Base.lproj/LaunchScreen.storyboard; sourceTree = "<group>"; };
		264633EC23225DC6002526AF /* Info.plist */ = {isa = PBXFileReference; lastKnownFileType = text.plist.xml; path = Info.plist; sourceTree = "<group>"; };
		264633F123225DC6002526AF /* Github SearcherTests.xctest */ = {isa = PBXFileReference; explicitFileType = wrapper.cfbundle; includeInIndex = 0; path = "Github SearcherTests.xctest"; sourceTree = BUILT_PRODUCTS_DIR; };
		264633F523225DC6002526AF /* Github_SearcherTests.swift */ = {isa = PBXFileReference; lastKnownFileType = sourcecode.swift; path = Github_SearcherTests.swift; sourceTree = "<group>"; };
		264633F723225DC6002526AF /* Info.plist */ = {isa = PBXFileReference; lastKnownFileType = text.plist.xml; path = Info.plist; sourceTree = "<group>"; };
		2646340023226348002526AF /* user_search_cell.xib */ = {isa = PBXFileReference; lastKnownFileType = file.xib; path = user_search_cell.xib; sourceTree = "<group>"; };
		264634022322635A002526AF /* repo_search_cell.xib */ = {isa = PBXFileReference; lastKnownFileType = file.xib; path = repo_search_cell.xib; sourceTree = "<group>"; };
		2646340423226635002526AF /* GithubProfileViewController.swift */ = {isa = PBXFileReference; lastKnownFileType = sourcecode.swift; path = GithubProfileViewController.swift; sourceTree = "<group>"; };
		2646340623226773002526AF /* SearchModel.swift */ = {isa = PBXFileReference; lastKnownFileType = sourcecode.swift; path = SearchModel.swift; sourceTree = "<group>"; };
		264634082322705C002526AF /* Cells.swift */ = {isa = PBXFileReference; lastKnownFileType = sourcecode.swift; path = Cells.swift; sourceTree = "<group>"; };
		2646340A23228288002526AF /* UIData.swift */ = {isa = PBXFileReference; lastKnownFileType = sourcecode.swift; path = UIData.swift; sourceTree = "<group>"; };
		2646340C23229473002526AF /* Network.swift */ = {isa = PBXFileReference; lastKnownFileType = sourcecode.swift; path = Network.swift; sourceTree = "<group>"; };
/* End PBXFileReference section */

/* Begin PBXFrameworksBuildPhase section */
		264633DA23225DC3002526AF /* Frameworks */ = {
			isa = PBXFrameworksBuildPhase;
			buildActionMask = 2147483647;
			files = (
			);
			runOnlyForDeploymentPostprocessing = 0;
		};
		264633EE23225DC6002526AF /* Frameworks */ = {
			isa = PBXFrameworksBuildPhase;
			buildActionMask = 2147483647;
			files = (
			);
			runOnlyForDeploymentPostprocessing = 0;
		};
/* End PBXFrameworksBuildPhase section */

/* Begin PBXGroup section */
		264633D423225DC3002526AF = {
			isa = PBXGroup;
			children = (
				264633DF23225DC3002526AF /* Github Searcher */,
				264633F423225DC6002526AF /* Github SearcherTests */,
				264633DE23225DC3002526AF /* Products */,
			);
			sourceTree = "<group>";
		};
		264633DE23225DC3002526AF /* Products */ = {
			isa = PBXGroup;
			children = (
				264633DD23225DC3002526AF /* Github Searcher.app */,
				264633F123225DC6002526AF /* Github SearcherTests.xctest */,
			);
			name = Products;
			sourceTree = "<group>";
		};
		264633DF23225DC3002526AF /* Github Searcher */ = {
			isa = PBXGroup;
			children = (
				264633E023225DC3002526AF /* AppDelegate.swift */,
				264633E223225DC3002526AF /* ViewController.swift */,
				2646340C23229473002526AF /* Network.swift */,
				2646340A23228288002526AF /* UIData.swift */,
				264634082322705C002526AF /* Cells.swift */,
				2646340623226773002526AF /* SearchModel.swift */,
				2646340423226635002526AF /* GithubProfileViewController.swift */,
				264633E423225DC3002526AF /* Main.storyboard */,
				2646340023226348002526AF /* user_search_cell.xib */,
				264634022322635A002526AF /* repo_search_cell.xib */,
				264633E723225DC6002526AF /* Assets.xcassets */,
				264633E923225DC6002526AF /* LaunchScreen.storyboard */,
				264633EC23225DC6002526AF /* Info.plist */,
			);
			path = "Github Searcher";
			sourceTree = "<group>";
		};
		264633F423225DC6002526AF /* Github SearcherTests */ = {
			isa = PBXGroup;
			children = (
				264633F523225DC6002526AF /* Github_SearcherTests.swift */,
				264633F723225DC6002526AF /* Info.plist */,
			);
			path = "Github SearcherTests";
			sourceTree = "<group>";
		};
/* End PBXGroup section */

/* Begin PBXNativeTarget section */
		264633DC23225DC3002526AF /* Github Searcher */ = {
			isa = PBXNativeTarget;
			buildConfigurationList = 264633FA23225DC6002526AF /* Build configuration list for PBXNativeTarget "Github Searcher" */;
			buildPhases = (
				264633D923225DC3002526AF /* Sources */,
				264633DA23225DC3002526AF /* Frameworks */,
				264633DB23225DC3002526AF /* Resources */,
			);
			buildRules = (
			);
			dependencies = (
			);
			name = "Github Searcher";
			productName = "Github Searcher";
			productReference = 264633DD23225DC3002526AF /* Github Searcher.app */;
			productType = "com.apple.product-type.application";
		};
		264633F023225DC6002526AF /* Github SearcherTests */ = {
			isa = PBXNativeTarget;
			buildConfigurationList = 264633FD23225DC6002526AF /* Build configuration list for PBXNativeTarget "Github SearcherTests" */;
			buildPhases = (
				264633ED23225DC6002526AF /* Sources */,
				264633EE23225DC6002526AF /* Frameworks */,
				264633EF23225DC6002526AF /* Resources */,
			);
			buildRules = (
			);
			dependencies = (
				264633F323225DC6002526AF /* PBXTargetDependency */,
			);
			name = "Github SearcherTests";
			productName = "Github SearcherTests";
			productReference = 264633F123225DC6002526AF /* Github SearcherTests.xctest */;
			productType = "com.apple.product-type.bundle.unit-test";
		};
/* End PBXNativeTarget section */

/* Begin PBXProject section */
		264633D523225DC3002526AF /* Project object */ = {
			isa = PBXProject;
			attributes = {
				LastSwiftUpdateCheck = 1020;
				LastUpgradeCheck = 1020;
				ORGANIZATIONNAME = "Ivan Komar";
				TargetAttributes = {
					264633DC23225DC3002526AF = {
						CreatedOnToolsVersion = 10.2;
					};
					264633F023225DC6002526AF = {
						CreatedOnToolsVersion = 10.2;
						TestTargetID = 264633DC23225DC3002526AF;
					};
				};
			};
			buildConfigurationList = 264633D823225DC3002526AF /* Build configuration list for PBXProject "Github Searcher" */;
			compatibilityVersion = "Xcode 9.3";
			developmentRegion = en;
			hasScannedForEncodings = 0;
			knownRegions = (
				en,
				Base,
			);
			mainGroup = 264633D423225DC3002526AF;
			productRefGroup = 264633DE23225DC3002526AF /* Products */;
			projectDirPath = "";
			projectRoot = "";
			targets = (
				264633DC23225DC3002526AF /* Github Searcher */,
				264633F023225DC6002526AF /* Github SearcherTests */,
			);
		};
/* End PBXProject section */

/* Begin PBXResourcesBuildPhase section */
		264633DB23225DC3002526AF /* Resources */ = {
			isa = PBXResourcesBuildPhase;
			buildActionMask = 2147483647;
			files = (
				264634032322635A002526AF /* repo_search_cell.xib in Resources */,
				2646340123226348002526AF /* user_search_cell.xib in Resources */,
				264633EB23225DC6002526AF /* LaunchScreen.storyboard in Resources */,
				264633E823225DC6002526AF /* Assets.xcassets in Resources */,
				264633E623225DC3002526AF /* Main.storyboard in Resources */,
			);
			runOnlyForDeploymentPostprocessing = 0;
		};
		264633EF23225DC6002526AF /* Resources */ = {
			isa = PBXResourcesBuildPhase;
			buildActionMask = 2147483647;
			files = (
			);
			runOnlyForDeploymentPostprocessing = 0;
		};
/* End PBXResourcesBuildPhase section */

/* Begin PBXSourcesBuildPhase section */
		264633D923225DC3002526AF /* Sources */ = {
			isa = PBXSourcesBuildPhase;
			buildActionMask = 2147483647;
			files = (
				2646340523226635002526AF /* GithubProfileViewController.swift in Sources */,
				2646340B23228288002526AF /* UIData.swift in Sources */,
				264633E323225DC3002526AF /* ViewController.swift in Sources */,
				264633E123225DC3002526AF /* AppDelegate.swift in Sources */,
				2646340723226773002526AF /* SearchModel.swift in Sources */,
				2646340D23229474002526AF /* Network.swift in Sources */,
				264634092322705C002526AF /* Cells.swift in Sources */,
			);
			runOnlyForDeploymentPostprocessing = 0;
		};
		264633ED23225DC6002526AF /* Sources */ = {
			isa = PBXSourcesBuildPhase;
			buildActionMask = 2147483647;
			files = (
				264633F623225DC6002526AF /* Github_SearcherTests.swift in Sources */,
			);
			runOnlyForDeploymentPostprocessing = 0;
		};
/* End PBXSourcesBuildPhase section */

/* Begin PBXTargetDependency section */
		264633F323225DC6002526AF /* PBXTargetDependency */ = {
			isa = PBXTargetDependency;
			target = 264633DC23225DC3002526AF /* Github Searcher */;
			targetProxy = 264633F223225DC6002526AF /* PBXContainerItemProxy */;
		};
/* End PBXTargetDependency section */

/* Begin PBXVariantGroup section */
		264633E423225DC3002526AF /* Main.storyboard */ = {
			isa = PBXVariantGroup;
			children = (
				264633E523225DC3002526AF /* Base */,
			);
			name = Main.storyboard;
			sourceTree = "<group>";
		};
		264633E923225DC6002526AF /* LaunchScreen.storyboard */ = {
			isa = PBXVariantGroup;
			children = (
				264633EA23225DC6002526AF /* Base */,
			);
			name = LaunchScreen.storyboard;
			sourceTree = "<group>";
		};
/* End PBXVariantGroup section */

/* Begin XCBuildConfiguration section */
		264633F823225DC6002526AF /* Debug */ = {
			isa = XCBuildConfiguration;
			buildSettings = {
				ALWAYS_SEARCH_USER_PATHS = NO;
				CLANG_ANALYZER_NONNULL = YES;
				CLANG_ANALYZER_NUMBER_OBJECT_CONVERSION = YES_AGGRESSIVE;
				CLANG_CXX_LANGUAGE_STANDARD = "gnu++14";
				CLANG_CXX_LIBRARY = "libc++";
				CLANG_ENABLE_MODULES = YES;
				CLANG_ENABLE_OBJC_ARC = YES;
				CLANG_ENABLE_OBJC_WEAK = YES;
				CLANG_WARN_BLOCK_CAPTURE_AUTORELEASING = YES;
				CLANG_WARN_BOOL_CONVERSION = YES;
				CLANG_WARN_COMMA = YES;
				CLANG_WARN_CONSTANT_CONVERSION = YES;
				CLANG_WARN_DEPRECATED_OBJC_IMPLEMENTATIONS = YES;
				CLANG_WARN_DIRECT_OBJC_ISA_USAGE = YES_ERROR;
				CLANG_WARN_DOCUMENTATION_COMMENTS = YES;
				CLANG_WARN_EMPTY_BODY = YES;
				CLANG_WARN_ENUM_CONVERSION = YES;
				CLANG_WARN_INFINITE_RECURSION = YES;
				CLANG_WARN_INT_CONVERSION = YES;
				CLANG_WARN_NON_LITERAL_NULL_CONVERSION = YES;
				CLANG_WARN_OBJC_IMPLICIT_RETAIN_SELF = YES;
				CLANG_WARN_OBJC_LITERAL_CONVERSION = YES;
				CLANG_WARN_OBJC_ROOT_CLASS = YES_ERROR;
				CLANG_WARN_RANGE_LOOP_ANALYSIS = YES;
				CLANG_WARN_STRICT_PROTOTYPES = YES;
				CLANG_WARN_SUSPICIOUS_MOVE = YES;
				CLANG_WARN_UNGUARDED_AVAILABILITY = YES_AGGRESSIVE;
				CLANG_WARN_UNREACHABLE_CODE = YES;
				CLANG_WARN__DUPLICATE_METHOD_MATCH = YES;
				CODE_SIGN_IDENTITY = "iPhone Developer";
				COPY_PHASE_STRIP = NO;
				DEBUG_INFORMATION_FORMAT = dwarf;
				ENABLE_STRICT_OBJC_MSGSEND = YES;
				ENABLE_TESTABILITY = YES;
				GCC_C_LANGUAGE_STANDARD = gnu11;
				GCC_DYNAMIC_NO_PIC = NO;
				GCC_NO_COMMON_BLOCKS = YES;
				GCC_OPTIMIZATION_LEVEL = 0;
				GCC_PREPROCESSOR_DEFINITIONS = (
					"DEBUG=1",
					"$(inherited)",
				);
				GCC_WARN_64_TO_32_BIT_CONVERSION = YES;
				GCC_WARN_ABOUT_RETURN_TYPE = YES_ERROR;
				GCC_WARN_UNDECLARED_SELECTOR = YES;
				GCC_WARN_UNINITIALIZED_AUTOS = YES_AGGRESSIVE;
				GCC_WARN_UNUSED_FUNCTION = YES;
				GCC_WARN_UNUSED_VARIABLE = YES;
				IPHONEOS_DEPLOYMENT_TARGET = 12.2;
				MTL_ENABLE_DEBUG_INFO = INCLUDE_SOURCE;
				MTL_FAST_MATH = YES;
				ONLY_ACTIVE_ARCH = YES;
				SDKROOT = iphoneos;
				SWIFT_ACTIVE_COMPILATION_CONDITIONS = DEBUG;
				SWIFT_OPTIMIZATION_LEVEL = "-Onone";
			};
			name = Debug;
		};
		264633F923225DC6002526AF /* Release */ = {
			isa = XCBuildConfiguration;
			buildSettings = {
				ALWAYS_SEARCH_USER_PATHS = NO;
				CLANG_ANALYZER_NONNULL = YES;
				CLANG_ANALYZER_NUMBER_OBJECT_CONVERSION = YES_AGGRESSIVE;
				CLANG_CXX_LANGUAGE_STANDARD = "gnu++14";
				CLANG_CXX_LIBRARY = "libc++";
				CLANG_ENABLE_MODULES = YES;
				CLANG_ENABLE_OBJC_ARC = YES;
				CLANG_ENABLE_OBJC_WEAK = YES;
				CLANG_WARN_BLOCK_CAPTURE_AUTORELEASING = YES;
				CLANG_WARN_BOOL_CONVERSION = YES;
				CLANG_WARN_COMMA = YES;
				CLANG_WARN_CONSTANT_CONVERSION = YES;
				CLANG_WARN_DEPRECATED_OBJC_IMPLEMENTATIONS = YES;
				CLANG_WARN_DIRECT_OBJC_ISA_USAGE = YES_ERROR;
				CLANG_WARN_DOCUMENTATION_COMMENTS = YES;
				CLANG_WARN_EMPTY_BODY = YES;
				CLANG_WARN_ENUM_CONVERSION = YES;
				CLANG_WARN_INFINITE_RECURSION = YES;
				CLANG_WARN_INT_CONVERSION = YES;
				CLANG_WARN_NON_LITERAL_NULL_CONVERSION = YES;
				CLANG_WARN_OBJC_IMPLICIT_RETAIN_SELF = YES;
				CLANG_WARN_OBJC_LITERAL_CONVERSION = YES;
				CLANG_WARN_OBJC_ROOT_CLASS = YES_ERROR;
				CLANG_WARN_RANGE_LOOP_ANALYSIS = YES;
				CLANG_WARN_STRICT_PROTOTYPES = YES;
				CLANG_WARN_SUSPICIOUS_MOVE = YES;
				CLANG_WARN_UNGUARDED_AVAILABILITY = YES_AGGRESSIVE;
				CLANG_WARN_UNREACHABLE_CODE = YES;
				CLANG_WARN__DUPLICATE_METHOD_MATCH = YES;
				CODE_SIGN_IDENTITY = "iPhone Developer";
				COPY_PHASE_STRIP = NO;
				DEBUG_INFORMATION_FORMAT = "dwarf-with-dsym";
				ENABLE_NS_ASSERTIONS = NO;
				ENABLE_STRICT_OBJC_MSGSEND = YES;
				GCC_C_LANGUAGE_STANDARD = gnu11;
				GCC_NO_COMMON_BLOCKS = YES;
				GCC_WARN_64_TO_32_BIT_CONVERSION = YES;
				GCC_WARN_ABOUT_RETURN_TYPE = YES_ERROR;
				GCC_WARN_UNDECLARED_SELECTOR = YES;
				GCC_WARN_UNINITIALIZED_AUTOS = YES_AGGRESSIVE;
				GCC_WARN_UNUSED_FUNCTION = YES;
				GCC_WARN_UNUSED_VARIABLE = YES;
				IPHONEOS_DEPLOYMENT_TARGET = 12.2;
				MTL_ENABLE_DEBUG_INFO = NO;
				MTL_FAST_MATH = YES;
				SDKROOT = iphoneos;
				SWIFT_COMPILATION_MODE = wholemodule;
				SWIFT_OPTIMIZATION_LEVEL = "-O";
				VALIDATE_PRODUCT = YES;
			};
			name = Release;
		};
		264633FB23225DC6002526AF /* Debug */ = {
			isa = XCBuildConfiguration;
			buildSettings = {
				ASSETCATALOG_COMPILER_APPICON_NAME = AppIcon;
				CODE_SIGN_STYLE = Automatic;
				DEVELOPMENT_TEAM = 439VGN7Y7Z;
				INFOPLIST_FILE = "Github Searcher/Info.plist";
				LD_RUNPATH_SEARCH_PATHS = (
					"$(inherited)",
					"@executable_path/Frameworks",
				);
				PRODUCT_BUNDLE_IDENTIFIER = "com.Vanoproduction.Github.Github-Searcher";
				PRODUCT_NAME = "$(TARGET_NAME)";
				SWIFT_VERSION = 5.0;
				TARGETED_DEVICE_FAMILY = "1,2";
			};
			name = Debug;
		};
		264633FC23225DC6002526AF /* Release */ = {
			isa = XCBuildConfiguration;
			buildSettings = {
				ASSETCATALOG_COMPILER_APPICON_NAME = AppIcon;
				CODE_SIGN_STYLE = Automatic;
				DEVELOPMENT_TEAM = 439VGN7Y7Z;
				INFOPLIST_FILE = "Github Searcher/Info.plist";
				LD_RUNPATH_SEARCH_PATHS = (
					"$(inherited)",
					"@executable_path/Frameworks",
				);
				PRODUCT_BUNDLE_IDENTIFIER = "com.Vanoproduction.Github.Github-Searcher";
				PRODUCT_NAME = "$(TARGET_NAME)";
				SWIFT_VERSION = 5.0;
				TARGETED_DEVICE_FAMILY = "1,2";
			};
			name = Release;
		};
		264633FE23225DC6002526AF /* Debug */ = {
			isa = XCBuildConfiguration;
			buildSettings = {
				ALWAYS_EMBED_SWIFT_STANDARD_LIBRARIES = YES;
				BUNDLE_LOADER = "$(TEST_HOST)";
				CODE_SIGN_STYLE = Automatic;
				DEVELOPMENT_TEAM = 439VGN7Y7Z;
				INFOPLIST_FILE = "Github SearcherTests/Info.plist";
				LD_RUNPATH_SEARCH_PATHS = (
					"$(inherited)",
					"@executable_path/Frameworks",
					"@loader_path/Frameworks",
				);
				PRODUCT_BUNDLE_IDENTIFIER = "com.Vanoproduction.Github.Github-SearcherTests";
				PRODUCT_NAME = "$(TARGET_NAME)";
				SWIFT_VERSION = 5.0;
				TARGETED_DEVICE_FAMILY = "1,2";
				TEST_HOST = "$(BUILT_PRODUCTS_DIR)/Github Searcher.app/Github Searcher";
			};
			name = Debug;
		};
		264633FF23225DC6002526AF /* Release */ = {
			isa = XCBuildConfiguration;
			buildSettings = {
				ALWAYS_EMBED_SWIFT_STANDARD_LIBRARIES = YES;
				BUNDLE_LOADER = "$(TEST_HOST)";
				CODE_SIGN_STYLE = Automatic;
				DEVELOPMENT_TEAM = 439VGN7Y7Z;
				INFOPLIST_FILE = "Github SearcherTests/Info.plist";
				LD_RUNPATH_SEARCH_PATHS = (
					"$(inherited)",
					"@executable_path/Frameworks",
					"@loader_path/Frameworks",
				);
				PRODUCT_BUNDLE_IDENTIFIER = "com.Vanoproduction.Github.Github-SearcherTests";
				PRODUCT_NAME = "$(TARGET_NAME)";
				SWIFT_VERSION = 5.0;
				TARGETED_DEVICE_FAMILY = "1,2";
				TEST_HOST = "$(BUILT_PRODUCTS_DIR)/Github Searcher.app/Github Searcher";
			};
			name = Release;
		};
/* End XCBuildConfiguration section */

/* Begin XCConfigurationList section */
		264633D823225DC3002526AF /* Build configuration list for PBXProject "Github Searcher" */ = {
			isa = XCConfigurationList;
			buildConfigurations = (
				264633F823225DC6002526AF /* Debug */,
				264633F923225DC6002526AF /* Release */,
			);
			defaultConfigurationIsVisible = 0;
			defaultConfigurationName = Release;
		};
		264633FA23225DC6002526AF /* Build configuration list for PBXNativeTarget "Github Searcher" */ = {
			isa = XCConfigurationList;
			buildConfigurations = (
				264633FB23225DC6002526AF /* Debug */,
				264633FC23225DC6002526AF /* Release */,
			);
			defaultConfigurationIsVisible = 0;
			defaultConfigurationName = Release;
		};
		264633FD23225DC6002526AF /* Build configuration list for PBXNativeTarget "Github SearcherTests" */ = {
			isa = XCConfigurationList;
			buildConfigurations = (
				264633FE23225DC6002526AF /* Debug */,
				264633FF23225DC6002526AF /* Release */,
			);
			defaultConfigurationIsVisible = 0;
			defaultConfigurationName = Release;
		};
/* End XCConfigurationList section */
	};
	rootObject = 264633D523225DC3002526AF /* Project object */;
}
